version = 1
revision = 3
requires-python = ">=3.13"

[[package]]
name = "appscript"
version = "1.4.0"
source = { registry = "https://pypi.org/simple" }
dependencies = [
    { name = "lxml" },
]
sdist = { url = "https://files.pythonhosted.org/packages/ca/52/2fa70edfd98f0058219ecc2e365a3ba7aabd42db14ff9d7f44bbdcc5400d/appscript-1.4.0.tar.gz", hash = "sha256:b2c6fc770bf822ea45529c7084bc0ee340e67ab260016b01d28e0449ec8723be", size = 295279, upload-time = "2025-10-08T07:56:39.126Z" }
wheels = [
    { url = "https://files.pythonhosted.org/packages/a3/04/d6f3889a9e281c5ae86913f427441c9b04fb1975e61548ad0525a73d6981/appscript-1.4.0-cp313-cp313-macosx_10_13_universal2.whl", hash = "sha256:7710db497d279d819f487dea686866b56c6c1e557befef4631b78553c523334c", size = 99618, upload-time = "2025-10-08T07:56:35.259Z" },
    { url = "https://files.pythonhosted.org/packages/59/fd/2259a7c6996628cabd9c7d5cc340bb695af31f047de17d70872caa4d7963/appscript-1.4.0-cp313-cp313-macosx_10_13_x86_64.whl", hash = "sha256:0396978b95e06c2cabba117cc172add1df188c51a1b80fc6648aad16890a84c8", size = 85551, upload-time = "2025-10-08T07:56:36.311Z" },
    { url = "https://files.pythonhosted.org/packages/4d/15/748adf302d8f1f8f975bb26c1b918d84f1d39bb6c4730e0b91f551297984/appscript-1.4.0-cp314-cp314-macosx_10_13_universal2.whl", hash = "sha256:1a5747425d2a5732e2854cab0d0dc893ef077cabd7d57f7ec4caea2ac313e19f", size = 99700, upload-time = "2025-10-08T07:56:37.313Z" },
    { url = "https://files.pythonhosted.org/packages/dd/e3/03dc0f97eab839f72061342d69bd34424e89876ce4026509aab3d74d4f23/appscript-1.4.0-cp314-cp314-macosx_10_13_x86_64.whl", hash = "sha256:5efce3302c00674b769b79938cc5f66f7791ef45c6419e850a5f1c8f9fcefcc1", size = 85610, upload-time = "2025-10-08T07:56:38.103Z" },
]

[[package]]
name = "lxml"
version = "6.1.0"
source = { registry = "https://pypi.org/simple" }
sdist = { url = "https://files.pythonhosted.org/packages/28/30/9abc9e34c657c33834eaf6cd02124c61bdf5944d802aa48e69be8da3585d/lxml-6.1.0.tar.gz", hash = "sha256:bfd57d8008c4965709a919c3e9a98f76c2c7cb319086b3d26858250620023b13", size = 4197006, upload-time = "2026-04-18T04:32:51.613Z" }
wheels = [
    { url = "https://files.pythonhosted.org/packages/08/03/69347590f1cf4a6d5a4944bb6099e6d37f334784f16062234e1f892fdb1d/lxml-6.1.0-cp313-cp313-macosx_10_13_universal2.whl", hash = "sha256:a0092f2b107b69601adf562a57c956fbb596e05e3e6651cabd3054113b007e45", size = 8559689, upload-time = "2026-04-18T04:31:57.785Z" },
    { url = "https://files.pythonhosted.org/packages/3f/58/25e00bb40b185c974cfe156c110474d9a8a8390d5f7c92a4e328189bb60e/lxml-6.1.0-cp313-cp313-macosx_10_13_x86_64.whl", hash = "sha256:fc7140d7a7386e6b545d41b7358f4d02b656d4053f5fa6859f92f4b9c2572c4d", size = 4617892, upload-time = "2026-04-18T04:32:01.78Z" },
    { url = "https://files.pythonhosted.org/packages/eb/45/cee4cf203ef0bab5c52afc118da61d6b460c928f2893d40023cfa27e0b80/lxml-6.1.0-cp314-cp314-macosx_10_15_universal2.whl", hash = "sha256:ab863fd37458fed6456525f297d21239d987800c46e67da5ef04fc6b3dd93ac8", size = 8576713, upload-time = "2026-04-18T04:32:06.831Z" },
    { url = "https://files.pythonhosted.org/packages/8a/a7/eda05babeb7e046839204eaf254cd4d7c9130ce2bbf0d9e90ea41af5654d/lxml-6.1.0-cp314-cp314-macosx_10_15_x86_64.whl", hash = "sha256:6fd8b1df8254ff4fd93fd31da1fc15770bde23ac045be9bb1f87425702f61cc9", size = 4623874, upload-time = "2026-04-18T04:32:10.755Z" },
    { url = "https://files.pythonhosted.org/packages/30/e9/21383c7c8d43799f0da90224c0d7c921870d476ec9b3e01e1b2c0b8237c5/lxml-6.1.0-cp314-cp314t-macosx_10_15_universal2.whl", hash = "sha256:1081dd10bc6fa437db2500e13993abf7cc30716d0a2f40e65abb935f02ec559c", size = 8827548, upload-time = "2026-04-18T04:32:15.094Z" },
    { url = "https://files.pythonhosted.org/packages/a5/01/c6bc11cd587030dd4f719f65c5657960649fe3e19196c844c75bf32cd0d6/lxml-6.1.0-cp314-cp314t-macosx_10_15_x86_64.whl", hash = "sha256:dabecc48db5f42ba348d1f5d5afdc54c6c4cc758e676926c7cd327045749517d", size = 4735866, upload-time = "2026-04-18T04:32:18.924Z" },
]

[[package]]
name = "psutil"
version = "7.2.2"
source = { registry = "https://pypi.org/simple" }
sdist = { url = "https://files.pythonhosted.org/packages/aa/c6/d1ddf4abb55e93cebc4f2ed8b5d6dbad109ecb8d63748dd2b20ab5e57ebe/psutil-7.2.2.tar.gz", hash = "sha256:0746f5f8d406af344fd547f1c8daa5f5c33dbc293bb8d6a16d80b4bb88f59372", size = 493740, upload-time = "2026-01-28T18:14:54.428Z" }
wheels = [
    { url = "https://files.pythonhosted.org/packages/51/08/510cbdb69c25a96f4ae523f733cdc963ae654904e8db864c07585ef99875/psutil-7.2.2-cp313-cp313t-macosx_10_13_x86_64.whl", hash = "sha256:2edccc433cbfa046b980b0df0171cd25bcaeb3a68fe9022db0979e7aa74a826b", size = 130595, upload-time = "2026-01-28T18:14:57.293Z" },
    { url = "https://files.pythonhosted.org/packages/d6/f5/97baea3fe7a5a9af7436301f85490905379b1c6f2dd51fe3ecf24b4c5fbf/psutil-7.2.2-cp313-cp313t-macosx_11_0_arm64.whl", hash = "sha256:e78c8603dcd9a04c7364f1a3e670cea95d51ee865e4efb3556a3a63adef958ea", size = 131082, upload-time = "2026-01-28T18:14:59.732Z" },
    { url = "https://files.pythonhosted.org/packages/81/69/ef179ab5ca24f32acc1dac0c247fd6a13b501fd5534dbae0e05a1c48b66d/psutil-7.2.2-cp314-cp314t-macosx_10_15_x86_64.whl", hash = "sha256:eed63d3b4d62449571547b60578c5b2c4bcccc5387148db46e0c2313dad0ee00", size = 130664, upload-time = "2026-01-28T18:15:09.469Z" },
    { url = "https://files.pythonhosted.org/packages/7b/64/665248b557a236d3fa9efc378d60d95ef56dd0a490c2cd37dafc7660d4a9/psutil-7.2.2-cp314-cp314t-macosx_11_0_arm64.whl", hash = "sha256:7b6d09433a10592ce39b13d7be5a54fbac1d1228ed29abc880fb23df7cb694c9", size = 131087, upload-time = "2026-01-28T18:15:11.724Z" },
    { url = "https://files.pythonhosted.org/packages/e7/36/5ee6e05c9bd427237b11b3937ad82bb8ad2752d72c6969314590dd0c2f6e/psutil-7.2.2-cp36-abi3-macosx_10_9_x86_64.whl", hash = "sha256:ed0cace939114f62738d808fdcecd4c869222507e266e574799e9c0faa17d486", size = 129090, upload-time = "2026-01-28T18:15:22.168Z" },
    { url = "https://files.pythonhosted.org/packages/80/c4/f5af4c1ca8c1eeb2e92ccca14ce8effdeec651d5ab6053c589b074eda6e1/psutil-7.2.2-cp36-abi3-macosx_11_0_arm64.whl", hash = "sha256:1a7b04c10f32cc88ab39cbf606e117fd74721c831c98a27dc04578deb0c16979", size = 129859, upload-time = "2026-01-28T18:15:23.795Z" },
]

[[package]]
name = "pywin32"
version = "311"
source = { registry = "https://pypi.org/simple" }
wheels = [
    { url = "https://files.pythonhosted.org/packages/a5/be/3fd5de0979fcb3994bfee0d65ed8ca9506a8a1260651b86174f6a86f52b3/pywin32-311-cp313-cp313-win32.whl", hash = "sha256:f95ba5a847cba10dd8c4d8fefa9f2a6cf283b8b88ed6178fa8a6c1ab16054d0d", size = 8705700, upload-time = "2025-07-14T20:13:26.471Z" },
    { url = "https://files.pythonhosted.org/packages/e3/28/e0a1909523c6890208295a29e05c2adb2126364e289826c0a8bc7297bd5c/pywin32-311-cp313-cp313-win_amd64.whl", hash = "sha256:718a38f7e5b058e76aee1c56ddd06908116d35147e133427e59a3983f703a20d", size = 9494700, upload-time = "2025-07-14T20:13:28.243Z" },
    { url = "https://files.pythonhosted.org/packages/04/bf/90339ac0f55726dce7d794e6d79a18a91265bdf3aa70b6b9ca52f35e022a/pywin32-311-cp313-cp313-win_arm64.whl", hash = "sha256:7b4075d959648406202d92a2310cb990fea19b535c7f4a78d3f5e10b926eeb8a", size = 8709318, upload-time = "2025-07-14T20:13:30.348Z" },
    { url = "https://files.pythonhosted.org/packages/c9/31/097f2e132c4f16d99a22bfb777e0fd88bd8e1c634304e102f313af69ace5/pywin32-311-cp314-cp314-win32.whl", hash = "sha256:b7a2c10b93f8986666d0c803ee19b5990885872a7de910fc460f9b0c2fbf92ee", size = 8840714, upload-time = "2025-07-14T20:13:32.449Z" },
    { url = "https://files.pythonhosted.org/packages/90/4b/07c77d8ba0e01349358082713400435347df8426208171ce297da32c313d/pywin32-311-cp314-cp314-win_amd64.whl", hash = "sha256:3aca44c046bd2ed8c90de9cb8427f581c479e594e99b5c0bb19b29c10fd6cb87", size = 9656800, upload-time = "2025-07-14T20:13:34.312Z" },
    { url = "https://files.pythonhosted.org/packages/c0/d2/21af5c535501a7233e734b8af901574572da66fcc254cb35d0609c9080dd/pywin32-311-cp314-cp314-win_arm64.whl", hash = "sha256:a508e2d9025764a8270f93111a970e1d0fbfc33f4153b388bb649b7eec4f9b42", size = 8932540, upload-time = "2025-07-14T20:13:36.379Z" },
]

[[package]]
name = "tmp-pyserver"
version = "0.1.0"
source = { virtual = "." }
dependencies = [
    { name = "pywin32" },
    { name = "xlwings" },
]

[package.metadata]
requires-dist = [
    { name = "pywin32", specifier = "==311" },
    { name = "xlwings", specifier = "==0.35.2" },
]

[[package]]
name = "xlwings"
version = "0.35.2"
source = { registry = "https://pypi.org/simple" }
dependencies = [
    { name = "appscript", marker = "sys_platform == 'darwin'" },
    { name = "psutil", marker = "sys_platform == 'darwin'" },
    { name = "pywin32", marker = "sys_platform == 'win32'" },
]
sdist = { url = "https://files.pythonhosted.org/packages/1f/2b/e5690f17744bda7d35165e2e5244dd9cac307bbcc043c2e970d1ec2b9be1/xlwings-0.35.2.tar.gz", hash = "sha256:43b31d923e4f5c0820bbc16d061f251003101a873e1639e195ca8ccfdd1f5f8b", size = 2479682, upload-time = "2026-04-27T07:50:43.469Z" }
wheels = [
    { url = "https://files.pythonhosted.org/packages/08/9a/7bb4e0cc8cb41b40a79560802fddd40f8e199058cb97974e4ee3588dda2b/xlwings-0.35.2-cp313-cp313-macosx_10_12_x86_64.whl", hash = "sha256:08f124a80ba2d48c2182436b6d20b2fae9d5e50fee8f6512dd67a09cb1b8d4ae", size = 1346493, upload-time = "2026-04-27T07:51:16.801Z" },
    { url = "https://files.pythonhosted.org/packages/53/06/1a8acf46514c1fe41b427f5111dbc8d196b911e140313cc6dfd355310a9b/xlwings-0.35.2-cp313-cp313-macosx_11_0_arm64.whl", hash = "sha256:0bd95a756935d942671692f5fd5dc08a093753bf8fe9038417d6f10d13d8d3b8", size = 1333534, upload-time = "2026-04-27T07:51:18.297Z" },
    { url = "https://files.pythonhosted.org/packages/76/b7/ef8e998dd4d3200b480866579daaac20763a1071f5ceb867da3dc1b7b529/xlwings-0.35.2-cp313-cp313-manylinux_2_17_aarch64.manylinux2014_aarch64.whl", hash = "sha256:27584ad9da81712308f0085a4bf2be1bb9f0619e5b0e5ca791aa88fff28dcb54", size = 1396274, upload-time = "2026-04-27T07:51:20.013Z" },
    { url = "https://files.pythonhosted.org/packages/9b/32/aaf4d514ddff7c5a6f502d3f7f5109698913a544b11390ddf917bd8bf0ac/xlwings-0.35.2-cp313-cp313-manylinux_2_17_armv7l.manylinux2014_armv7l.whl", hash = "sha256:06b60ce0a0babfa008ca93e6c45b804f84ed7a181f6b02fd1169ffb7eba306d4", size = 1401903, upload-time = "2026-04-27T07:51:21.184Z" },
    { url = "https://files.pythonhosted.org/packages/8c/b0/92c170d3d9fd52199b39a3b192f90e84d13cbd20c20b2ae8ba80be93356f/xlwings-0.35.2-cp313-cp313-manylinux_2_17_x86_64.manylinux2014_x86_64.whl", hash = "sha256:9cc6797e0f0b89fa3506f0d436e50f7b929306395054d43254927c05c3cbda2c", size = 1400578, upload-time = "2026-04-27T07:51:22.808Z" },
    { url = "https://files.pythonhosted.org/packages/30/38/b86a514118f037caab5c6a9c2b8ecee9538d025fcc4838c32cb2eab15c0d/xlwings-0.35.2-cp313-cp313-musllinux_1_1_aarch64.whl", hash = "sha256:5f34f43e1d41e97fbf82a2abef5341ad4d098c1b529459438945719e694a0760", size = 1569045, upload-time = "2026-04-27T07:51:24.654Z" },
    { url = "https://files.pythonhosted.org/packages/01/30/f1342affe4c603503a5619966a4c6f784324863416d75c642d79df21a4f3/xlwings-0.35.2-cp313-cp313-musllinux_1_1_x86_64.whl", hash = "sha256:75623251e714532fffb2a93d02ed57897c1b2d6299da25a4bc8fe830ef53b3f1", size = 1604565, upload-time = "2026-04-27T07:51:26.149Z" },
    { url = "https://files.pythonhosted.org/packages/2c/91/edb5b7cc0e7ba5ecd9dbf973a461590642f616712c25b91820d48f9e0db0/xlwings-0.35.2-cp313-cp313-win_amd64.whl", hash = "sha256:874a2f91c4b6dad497d88285ba1e0577093379a93f6eec60da7bbdbaf9cefffa", size = 1555129, upload-time = "2026-04-27T07:51:27.598Z" },
    { url = "https://files.pythonhosted.org/packages/b3/58/576833ace6d9c53b11a1b0b5fb13734e774015967f5a5a441df3f570ef84/xlwings-0.35.2-cp314-cp314-macosx_10_12_x86_64.whl", hash = "sha256:1abc13547d1631ae693d975f80ee15e7fc37f59d173bc96a4ab98d9f85ef7c63", size = 1346611, upload-time = "2026-04-27T07:51:29.126Z" },
    { url = "https://files.pythonhosted.org/packages/b6/5d/16b4ab16689826f1bf90cf634bfb85d6aaefca1468ea51a5c7a8499c98bf/xlwings-0.35.2-cp314-cp314-macosx_11_0_arm64.whl", hash = "sha256:adbd11702f4f1bce3bddcc7f6d70c8b6b671ce65cdac22fec296e989a78341c3", size = 1333431, upload-time = "2026-04-27T07:51:30.296Z" },
    { url = "https://files.pythonhosted.org/packages/72/a6/a3cb45cf271c6f42f708d31df7a7571826d77a726974eb22372d0b6c91bf/xlwings-0.35.2-cp314-cp314-manylinux_2_17_aarch64.manylinux2014_aarch64.whl", hash = "sha256:60836ce1ed00333b87efa06f44671cc0ce2472f356111d2b397a17f49e6a7519", size = 1396187, upload-time = "2026-04-27T07:51:32.244Z" },
    { url = "https://files.pythonhosted.org/packages/8b/c1/3082dd26afcd0ce3af4b2caa252a04a6129aec59cd5e1f67af129f62368c/xlwings-0.35.2-cp314-cp314-manylinux_2_17_armv7l.manylinux2014_armv7l.whl", hash = "sha256:b89198b82d3ddd5e49f19fe71624c247157501232ea1074f3313593412a3bb74", size = 1401411, upload-time = "2026-04-27T07:51:33.906Z" },
    { url = "https://files.pythonhosted.org/packages/05/16/aaee4122f665764b7bc35174e5df8ea4d6914ef91709ede9eca06300de9b/xlwings-0.35.2-cp314-cp314-manylinux_2_17_x86_64.manylinux2014_x86_64.whl", hash = "sha256:9ca942cc8f0520315b18219db2f7648240c9db3af3b4a4e33fc46b36e817d1ff", size = 1398540, upload-time = "2026-04-27T07:51:35.588Z" },
    { url = "https://files.pythonhosted.org/packages/cb/65/904bd8742636da240ea63df079a83f43da6862a892d7f2c48b945e45c1ab/xlwings-0.35.2-cp314-cp314-musllinux_1_1_aarch64.whl", hash = "sha256:7e1c989530312cf11569fd4720fc48b4102f7fcc37f0f58b27e44542c9decf0d", size = 1568602, upload-time = "2026-04-27T07:51:36.9Z" },
    { url = "https://files.pythonhosted.org/packages/b2/a7/18ae2773cd38def13c273527adc7e1cdfa6b65d90ff325edf0331f07219d/xlwings-0.35.2-cp314-cp314-musllinux_1_1_x86_64.whl", hash = "sha256:1b9c45453842231a1eda1b5e7ecbfb48917a711dccf940b4b94da33588db0460", size = 1603800, upload-time = "2026-04-27T07:51:38.686Z" },
    { url = "https://files.pythonhosted.org/packages/c5/76/1e4e0fe68b79f9cd9e45e61464394e64470efbc0144e0e8d42a091af4701/xlwings-0.35.2-cp314-cp314-win_amd64.whl", hash = "sha256:68a096176d096a136a1b6e6e3fc1495b788e0b2971fe14c981d99907c169c420", size = 1577535, upload-time = "2026-04-27T07:51:39.976Z" },
    { url = "https://files.pythonhosted.org/packages/79/be/9687fa514163590dbab99e7a6ce891e444c630d0551225713924e0f29375/xlwings-0.35.2-py3-none-any.whl", hash = "sha256:c59c2dc9dc7c4df04e1b83ce21d8b6d5e484415d85a04bd34c22cab65c91c61f", size = 688321, upload-time = "2026-04-27T07:51:41.384Z" },
]
